
Microsoft Visual Studio Solution File, Format Version 12.00
# Visual Studio 15
VisualStudioVersion = 15.0.28307.572
MinimumVisualStudioVersion = 10.0.40219.1
Project("{9A19103F-16F7-4668-BE54-9A1E7A4F7556}") = "CrowDo", "CrowDo\CrowDo.csproj", "{4C51C9BC-4A88-474D-8707-2254AF7E6C11}"
EndProject
Project("{FAE04EC0-301F-11D3-BF4B-00C04F79EFBC}") = "CrowDoAPI", "CrowDoAPI\CrowDoAPI.csproj", "{4AB8BF0D-20FB-436E-A4FC-B00BF87A6800}"
EndProject
Global
	GlobalSection(SolutionConfigurationPlatforms) = preSolution
		Debug|Any CPU = Debug|Any CPU
		Release|Any CPU = Release|Any CPU
	EndGlobalSection
	GlobalSection(ProjectConfigurationPlatforms) = postSolution
		{4C51C9BC-4A88-474D-8707-2254AF7E6C11}.Debug|Any CPU.ActiveCfg = Debug|Any CPU
		{4C51C9BC-4A88-474D-8707-2254AF7E6C11}.Debug|Any CPU.Build.0 = Debug|Any CPU
		{4C51C9BC-4A88-474D-8707-2254AF7E6C11}.Release|Any CPU.ActiveCfg = Release|Any CPU
		{4C51C9BC-4A88-474D-8707-2254AF7E6C11}.Release|Any CPU.Build.0 = Release|Any CPU
		{4AB8BF0D-20FB-436E-A4FC-B00BF87A6800}.Debug|Any CPU.ActiveCfg = Debug|Any CPU
		{4AB8BF0D-20FB-436E-A4FC-B00BF87A6800}.Debug|Any CPU.Build.0 = Debug|Any CPU
		{4AB8BF0D-20FB-436E-A4FC-B00BF87A6800}.Release|Any CPU.ActiveCfg = Release|Any CPU
		{4AB8BF0D-20FB-436E-A4FC-B00BF87A6800}.Release|Any CPU.Build.0 = Release|Any CPU
	EndGlobalSection
	GlobalSection(SolutionProperties) = preSolution
		HideSolutionNode = FALSE
	EndGlobalSection
	GlobalSection(ExtensibilityGlobals) = postSolution
		SolutionGuid = {6A8C516B-FABC-40A1-8125-E91E4BF7536D}
	EndGlobalSection
EndGlobal
